
Microsoft Visual Studio Solution File, Format Version 12.00
# Visual Studio Version 17
VisualStudioVersion = 17.14.36109.1 d17.14
MinimumVisualStudioVersion = 10.0.40219.1
Project("{FAE04EC0-301F-11D3-BF4B-00C04F79EFBC}") = "Advania_Test", "Advania_Test.csproj", "{C342EE43-2C45-4749-9884-9AA8F50AAF8E}"
EndProject
Global
	GlobalSection(SolutionConfigurationPlatforms) = preSolution
		Debug|Any CPU = Debug|Any CPU
		Release|Any CPU = Release|Any CPU
	EndGlobalSection
	GlobalSection(ProjectConfigurationPlatforms) = postSolution
		{C342EE43-2C45-4749-9884-9AA8F50AAF8E}.Debug|Any CPU.ActiveCfg = Debug|Any CPU
		{C342EE43-2C45-4749-9884-9AA8F50AAF8E}.Debug|Any CPU.Build.0 = Debug|Any CPU
		{C342EE43-2C45-4749-9884-9AA8F50AAF8E}.Release|Any CPU.ActiveCfg = Release|Any CPU
		{C342EE43-2C45-4749-9884-9AA8F50AAF8E}.Release|Any CPU.Build.0 = Release|Any CPU
	EndGlobalSection
	GlobalSection(SolutionProperties) = preSolution
		HideSolutionNode = FALSE
	EndGlobalSection
	GlobalSection(ExtensibilityGlobals) = postSolution
		SolutionGuid = {1C33326F-F723-43BC-BE1B-044FFD6A7BEB}
	EndGlobalSection
EndGlobal
